
Microsoft Visual Studio Solution File, Format Version 12.00
# Visual Studio Version 17
VisualStudioVersion = 17.5.002.0
MinimumVisualStudioVersion = 10.0.40219.1
Project("{9A19103F-16F7-4668-BE54-9A1E7A4F7556}") = "api-trng", "api-trng.csproj", "{3211B537-4AAD-46F5-A7F2-01BD3EF5A51D}"
EndProject
Global
	GlobalSection(SolutionConfigurationPlatforms) = preSolution
		Debug|Any CPU = Debug|Any CPU
		Release|Any CPU = Release|Any CPU
	EndGlobalSection
	GlobalSection(ProjectConfigurationPlatforms) = postSolution
		{3211B537-4AAD-46F5-A7F2-01BD3EF5A51D}.Debug|Any CPU.ActiveCfg = Debug|Any CPU
		{3211B537-4AAD-46F5-A7F2-01BD3EF5A51D}.Debug|Any CPU.Build.0 = Debug|Any CPU
		{3211B537-4AAD-46F5-A7F2-01BD3EF5A51D}.Release|Any CPU.ActiveCfg = Release|Any CPU
		{3211B537-4AAD-46F5-A7F2-01BD3EF5A51D}.Release|Any CPU.Build.0 = Release|Any CPU
	EndGlobalSection
	GlobalSection(SolutionProperties) = preSolution
		HideSolutionNode = FALSE
	EndGlobalSection
	GlobalSection(ExtensibilityGlobals) = postSolution
		SolutionGuid = {56F918BF-4178-411B-A77C-E05489022C63}
	EndGlobalSection
EndGlobal
